
Microsoft Visual Studio Solution File, Format Version 12.00
# Visual Studio Version 16
VisualStudioVersion = 16.0.30413.136
MinimumVisualStudioVersion = 10.0.40219.1
Project("{FAE04EC0-301F-11D3-BF4B-00C04F79EFBC}") = "ApiTestApp", "ApiTestApp\ApiTestApp.csproj", "{190AEEBA-E516-46E5-83C6-8389A0FF4151}"
EndProject
Global
	GlobalSection(SolutionConfigurationPlatforms) = preSolution
		Debug|Any CPU = Debug|Any CPU
		Release|Any CPU = Release|Any CPU
	EndGlobalSection
	GlobalSection(ProjectConfigurationPlatforms) = postSolution
		{190AEEBA-E516-46E5-83C6-8389A0FF4151}.Debug|Any CPU.ActiveCfg = Debug|Any CPU
		{190AEEBA-E516-46E5-83C6-8389A0FF4151}.Debug|Any CPU.Build.0 = Debug|Any CPU
		{190AEEBA-E516-46E5-83C6-8389A0FF4151}.Release|Any CPU.ActiveCfg = Release|Any CPU
		{190AEEBA-E516-46E5-83C6-8389A0FF4151}.Release|Any CPU.Build.0 = Release|Any CPU
	EndGlobalSection
	GlobalSection(SolutionProperties) = preSolution
		HideSolutionNode = FALSE
	EndGlobalSection
	GlobalSection(ExtensibilityGlobals) = postSolution
		SolutionGuid = {1C33F440-6168-4F92-82DE-D7FF7A4E3859}
	EndGlobalSection
EndGlobal
